
Microsoft Visual Studio Solution File, Format Version 10.00
# Visual Studio 2008
Project("{E24C65DC-7377-472B-9ABA-BC803B73C61A}") = "MovieMiner", ".", "{765DC8AF-6064-4D66-B560-0CCD138BBE4A}"
	ProjectSection(WebsiteProperties) = preProject
		TargetFramework = "3.5"
		Debug.AspNetCompiler.VirtualPath = "/MovieMiner"
		Debug.AspNetCompiler.PhysicalPath = "..\..\..\..\..\..\My Data\BlogMinerPrj\BlogMiner Project\MovieMiner\MovieMiner\"
		Debug.AspNetCompiler.TargetPath = "PrecompiledWeb\MovieMiner\"
		Debug.AspNetCompiler.Updateable = "true"
		Debug.AspNetCompiler.ForceOverwrite = "true"
		Debug.AspNetCompiler.FixedNames = "false"
		Debug.AspNetCompiler.Debug = "True"
		Release.AspNetCompiler.VirtualPath = "/MovieMiner"
		Release.AspNetCompiler.PhysicalPath = "..\..\..\..\..\..\My Data\BlogMinerPrj\BlogMiner Project\MovieMiner\MovieMiner\"
		Release.AspNetCompiler.TargetPath = "PrecompiledWeb\MovieMiner\"
		Release.AspNetCompiler.Updateable = "true"
		Release.AspNetCompiler.ForceOverwrite = "true"
		Release.AspNetCompiler.FixedNames = "false"
		Release.AspNetCompiler.Debug = "False"
		VWDPort = "52244"
	EndProjectSection
EndProject
Global
	GlobalSection(SolutionConfigurationPlatforms) = preSolution
		Debug|.NET = Debug|.NET
	EndGlobalSection
	GlobalSection(ProjectConfigurationPlatforms) = postSolution
		{765DC8AF-6064-4D66-B560-0CCD138BBE4A}.Debug|.NET.ActiveCfg = Debug|.NET
		{765DC8AF-6064-4D66-B560-0CCD138BBE4A}.Debug|.NET.Build.0 = Debug|.NET
	EndGlobalSection
	GlobalSection(SolutionProperties) = preSolution
		HideSolutionNode = FALSE
	EndGlobalSection
EndGlobal
